
Microsoft Visual Studio Solution File, Format Version 12.00
# Visual Studio 15
VisualStudioVersion = 15.0.28307.1082
MinimumVisualStudioVersion = 10.0.40219.1
Project("{FAE04EC0-301F-11D3-BF4B-00C04F79EFBC}") = "eSyaLab.IF", "eSyaLab.IF\eSyaLab.IF.csproj", "{EB09D5DB-71F1-4D46-9CE4-FE42667B8AFE}"
EndProject
Global
	GlobalSection(SolutionConfigurationPlatforms) = preSolution
		Debug|Any CPU = Debug|Any CPU
		Release|Any CPU = Release|Any CPU
	EndGlobalSection
	GlobalSection(ProjectConfigurationPlatforms) = postSolution
		{EB09D5DB-71F1-4D46-9CE4-FE42667B8AFE}.Debug|Any CPU.ActiveCfg = Debug|Any CPU
		{EB09D5DB-71F1-4D46-9CE4-FE42667B8AFE}.Debug|Any CPU.Build.0 = Debug|Any CPU
		{EB09D5DB-71F1-4D46-9CE4-FE42667B8AFE}.Release|Any CPU.ActiveCfg = Release|Any CPU
		{EB09D5DB-71F1-4D46-9CE4-FE42667B8AFE}.Release|Any CPU.Build.0 = Release|Any CPU
	EndGlobalSection
	GlobalSection(SolutionProperties) = preSolution
		HideSolutionNode = FALSE
	EndGlobalSection
	GlobalSection(ExtensibilityGlobals) = postSolution
		SolutionGuid = {5D216E8B-64B2-41B3-A525-12397F75F453}
	EndGlobalSection
EndGlobal
